// !$*UTF8*$!
{
	archiveVersion = 1;
	classes = {
	};
	objectVersion = 56;
	objects = {

/* Begin PBXBuildFile section */
		83F8A1342C119CF1004D01A7 /* MealMonkeyApp.swift in Sources */ = {isa = PBXBuildFile; fileRef = 83F8A1332C119CF1004D01A7 /* MealMonkeyApp.swift */; };
		83F8A1362C119CF1004D01A7 /* ContentView.swift in Sources */ = {isa = PBXBuildFile; fileRef = 83F8A1352C119CF1004D01A7 /* ContentView.swift */; };
		83F8A1382C119CF1004D01A7 /* Item.swift in Sources */ = {isa = PBXBuildFile; fileRef = 83F8A1372C119CF1004D01A7 /* Item.swift */; };
		83F8A13A2C119CF2004D01A7 /* Assets.xcassets in Resources */ = {isa = PBXBuildFile; fileRef = 83F8A1392C119CF2004D01A7 /* Assets.xcassets */; };
		83F8A13E2C119CF2004D01A7 /* Preview Assets.xcassets in Resources */ = {isa = PBXBuildFile; fileRef = 83F8A13D2C119CF2004D01A7 /* Preview Assets.xcassets */; };
		83F8A1482C119CF2004D01A7 /* MealMonkeyTests.swift in Sources */ = {isa = PBXBuildFile; fileRef = 83F8A1472C119CF2004D01A7 /* MealMonkeyTests.swift */; };
		83F8A1522C119CF2004D01A7 /* MealMonkeyUITests.swift in Sources */ = {isa = PBXBuildFile; fileRef = 83F8A1512C119CF2004D01A7 /* MealMonkeyUITests.swift */; };
		83F8A1542C119CF2004D01A7 /* MealMonkeyUITestsLaunchTests.swift in Sources */ = {isa = PBXBuildFile; fileRef = 83F8A1532C119CF2004D01A7 /* MealMonkeyUITestsLaunchTests.swift */; };
/* End PBXBuildFile section */

/* Begin PBXContainerItemProxy section */
		83F8A1442C119CF2004D01A7 /* PBXContainerItemProxy */ = {
			isa = PBXContainerItemProxy;
			containerPortal = 83F8A1282C119CF1004D01A7 /* Project object */;
			proxyType = 1;
			remoteGlobalIDString = 83F8A12F2C119CF1004D01A7;
			remoteInfo = MealMonkey;
		};
		83F8A14E2C119CF2004D01A7 /* PBXContainerItemProxy */ = {
			isa = PBXContainerItemProxy;
			containerPortal = 83F8A1282C119CF1004D01A7 /* Project object */;
			proxyType = 1;
			remoteGlobalIDString = 83F8A12F2C119CF1004D01A7;
			remoteInfo = MealMonkey;
		};
/* End PBXContainerItemProxy section */

/* Begin PBXFileReference section */
		83F8A1302C119CF1004D01A7 /* MealMonkey.app */ = {isa = PBXFileReference; explicitFileType = wrapper.application; includeInIndex = 0; path = MealMonkey.app; sourceTree = BUILT_PRODUCTS_DIR; };
		83F8A1332C119CF1004D01A7 /* MealMonkeyApp.swift */ = {isa = PBXFileReference; lastKnownFileType = sourcecode.swift; path = MealMonkeyApp.swift; sourceTree = "<group>"; };
		83F8A1352C119CF1004D01A7 /* ContentView.swift */ = {isa = PBXFileReference; lastKnownFileType = sourcecode.swift; path = ContentView.swift; sourceTree = "<group>"; };
		83F8A1372C119CF1004D01A7 /* Item.swift */ = {isa = PBXFileReference; lastKnownFileType = sourcecode.swift; path = Item.swift; sourceTree = "<group>"; };
		83F8A1392C119CF2004D01A7 /* Assets.xcassets */ = {isa = PBXFileReference; lastKnownFileType = folder.assetcatalog; path = Assets.xcassets; sourceTree = "<group>"; };
		83F8A13B2C119CF2004D01A7 /* MealMonkey.entitlements */ = {isa = PBXFileReference; lastKnownFileType = text.plist.entitlements; path = MealMonkey.entitlements; sourceTree = "<group>"; };
		83F8A13D2C119CF2004D01A7 /* Preview Assets.xcassets */ = {isa = PBXFileReference; lastKnownFileType = folder.assetcatalog; path = "Preview Assets.xcassets"; sourceTree = "<group>"; };
		83F8A1432C119CF2004D01A7 /* MealMonkeyTests.xctest */ = {isa = PBXFileReference; explicitFileType = wrapper.cfbundle; includeInIndex = 0; path = MealMonkeyTests.xctest; sourceTree = BUILT_PRODUCTS_DIR; };
		83F8A1472C119CF2004D01A7 /* MealMonkeyTests.swift */ = {isa = PBXFileReference; lastKnownFileType = sourcecode.swift; path = MealMonkeyTests.swift; sourceTree = "<group>"; };
		83F8A14D2C119CF2004D01A7 /* MealMonkeyUITests.xctest */ = {isa = PBXFileReference; explicitFileType = wrapper.cfbundle; includeInIndex = 0; path = MealMonkeyUITests.xctest; sourceTree = BUILT_PRODUCTS_DIR; };
		83F8A1512C119CF2004D01A7 /* MealMonkeyUITests.swift */ = {isa = PBXFileReference; lastKnownFileType = sourcecode.swift; path = MealMonkeyUITests.swift; sourceTree = "<group>"; };
		83F8A1532C119CF2004D01A7 /* MealMonkeyUITestsLaunchTests.swift */ = {isa = PBXFileReference; lastKnownFileType = sourcecode.swift; path = MealMonkeyUITestsLaunchTests.swift; sourceTree = "<group>"; };
/* End PBXFileReference section */

/* Begin PBXFrameworksBuildPhase section */
		83F8A12D2C119CF1004D01A7 /* Frameworks */ = {
			isa = PBXFrameworksBuildPhase;
			buildActionMask = 2147483647;
			files = (
			);
			runOnlyForDeploymentPostprocessing = 0;
		};
		83F8A1402C119CF2004D01A7 /* Frameworks */ = {
			isa = PBXFrameworksBuildPhase;
			buildActionMask = 2147483647;
			files = (
			);
			runOnlyForDeploymentPostprocessing = 0;
		};
		83F8A14A2C119CF2004D01A7 /* Frameworks */ = {
			isa = PBXFrameworksBuildPhase;
			buildActionMask = 2147483647;
			files = (
			);
			runOnlyForDeploymentPostprocessing = 0;
		};
/* End PBXFrameworksBuildPhase section */

/* Begin PBXGroup section */
		83F8A1272C119CF1004D01A7 = {
			isa = PBXGroup;
			children = (
				83F8A1322C119CF1004D01A7 /* MealMonkey */,
				83F8A1462C119CF2004D01A7 /* MealMonkeyTests */,
				83F8A1502C119CF2004D01A7 /* MealMonkeyUITests */,
				83F8A1312C119CF1004D01A7 /* Products */,
			);
			sourceTree = "<group>";
		};
		83F8A1312C119CF1004D01A7 /* Products */ = {
			isa = PBXGroup;
			children = (
				83F8A1302C119CF1004D01A7 /* MealMonkey.app */,
				83F8A1432C119CF2004D01A7 /* MealMonkeyTests.xctest */,
				83F8A14D2C119CF2004D01A7 /* MealMonkeyUITests.xctest */,
			);
			name = Products;
			sourceTree = "<group>";
		};
		83F8A1322C119CF1004D01A7 /* MealMonkey */ = {
			isa = PBXGroup;
			children = (
				83F8A1332C119CF1004D01A7 /* MealMonkeyApp.swift */,
				83F8A1352C119CF1004D01A7 /* ContentView.swift */,
				83F8A1372C119CF1004D01A7 /* Item.swift */,
				83F8A1392C119CF2004D01A7 /* Assets.xcassets */,
				83F8A13B2C119CF2004D01A7 /* MealMonkey.entitlements */,
				83F8A13C2C119CF2004D01A7 /* Preview Content */,
			);
			path = MealMonkey;
			sourceTree = "<group>";
		};
		83F8A13C2C119CF2004D01A7 /* Preview Content */ = {
			isa = PBXGroup;
			children = (
				83F8A13D2C119CF2004D01A7 /* Preview Assets.xcassets */,
			);
			path = "Preview Content";
			sourceTree = "<group>";
		};
		83F8A1462C119CF2004D01A7 /* MealMonkeyTests */ = {
			isa = PBXGroup;
			children = (
				83F8A1472C119CF2004D01A7 /* MealMonkeyTests.swift */,
			);
			path = MealMonkeyTests;
			sourceTree = "<group>";
		};
		83F8A1502C119CF2004D01A7 /* MealMonkeyUITests */ = {
			isa = PBXGroup;
			children = (
				83F8A1512C119CF2004D01A7 /* MealMonkeyUITests.swift */,
				83F8A1532C119CF2004D01A7 /* MealMonkeyUITestsLaunchTests.swift */,
			);
			path = MealMonkeyUITests;
			sourceTree = "<group>";
		};
/* End PBXGroup section */

/* Begin PBXNativeTarget section */
		83F8A12F2C119CF1004D01A7 /* MealMonkey */ = {
			isa = PBXNativeTarget;
			buildConfigurationList = 83F8A1572C119CF2004D01A7 /* Build configuration list for PBXNativeTarget "MealMonkey" */;
			buildPhases = (
				83F8A12C2C119CF1004D01A7 /* Sources */,
				83F8A12D2C119CF1004D01A7 /* Frameworks */,
				83F8A12E2C119CF1004D01A7 /* Resources */,
			);
			buildRules = (
			);
			dependencies = (
			);
			name = MealMonkey;
			productName = MealMonkey;
			productReference = 83F8A1302C119CF1004D01A7 /* MealMonkey.app */;
			productType = "com.apple.product-type.application";
		};
		83F8A1422C119CF2004D01A7 /* MealMonkeyTests */ = {
			isa = PBXNativeTarget;
			buildConfigurationList = 83F8A15A2C119CF2004D01A7 /* Build configuration list for PBXNativeTarget "MealMonkeyTests" */;
			buildPhases = (
				83F8A13F2C119CF2004D01A7 /* Sources */,
				83F8A1402C119CF2004D01A7 /* Frameworks */,
				83F8A1412C119CF2004D01A7 /* Resources */,
			);
			buildRules = (
			);
			dependencies = (
				83F8A1452C119CF2004D01A7 /* PBXTargetDependency */,
			);
			name = MealMonkeyTests;
			productName = MealMonkeyTests;
			productReference = 83F8A1432C119CF2004D01A7 /* MealMonkeyTests.xctest */;
			productType = "com.apple.product-type.bundle.unit-test";
		};
		83F8A14C2C119CF2004D01A7 /* MealMonkeyUITests */ = {
			isa = PBXNativeTarget;
			buildConfigurationList = 83F8A15D2C119CF2004D01A7 /* Build configuration list for PBXNativeTarget "MealMonkeyUITests" */;
			buildPhases = (
				83F8A1492C119CF2004D01A7 /* Sources */,
				83F8A14A2C119CF2004D01A7 /* Frameworks */,
				83F8A14B2C119CF2004D01A7 /* Resources */,
			);
			buildRules = (
			);
			dependencies = (
				83F8A14F2C119CF2004D01A7 /* PBXTargetDependency */,
			);
			name = MealMonkeyUITests;
			productName = MealMonkeyUITests;
			productReference = 83F8A14D2C119CF2004D01A7 /* MealMonkeyUITests.xctest */;
			productType = "com.apple.product-type.bundle.ui-testing";
		};
/* End PBXNativeTarget section */

/* Begin PBXProject section */
		83F8A1282C119CF1004D01A7 /* Project object */ = {
			isa = PBXProject;
			attributes = {
				BuildIndependentTargetsInParallel = 1;
				LastSwiftUpdateCheck = 1540;
				LastUpgradeCheck = 1540;
				TargetAttributes = {
					83F8A12F2C119CF1004D01A7 = {
						CreatedOnToolsVersion = 15.4;
					};
					83F8A1422C119CF2004D01A7 = {
						CreatedOnToolsVersion = 15.4;
						TestTargetID = 83F8A12F2C119CF1004D01A7;
					};
					83F8A14C2C119CF2004D01A7 = {
						CreatedOnToolsVersion = 15.4;
						TestTargetID = 83F8A12F2C119CF1004D01A7;
					};
				};
			};
			buildConfigurationList = 83F8A12B2C119CF1004D01A7 /* Build configuration list for PBXProject "MealMonkey" */;
			compatibilityVersion = "Xcode 14.0";
			developmentRegion = en;
			hasScannedForEncodings = 0;
			knownRegions = (
				en,
				Base,
			);
			mainGroup = 83F8A1272C119CF1004D01A7;
			productRefGroup = 83F8A1312C119CF1004D01A7 /* Products */;
			projectDirPath = "";
			projectRoot = "";
			targets = (
				83F8A12F2C119CF1004D01A7 /* MealMonkey */,
				83F8A1422C119CF2004D01A7 /* MealMonkeyTests */,
				83F8A14C2C119CF2004D01A7 /* MealMonkeyUITests */,
			);
		};
/* End PBXProject section */

/* Begin PBXResourcesBuildPhase section */
		83F8A12E2C119CF1004D01A7 /* Resources */ = {
			isa = PBXResourcesBuildPhase;
			buildActionMask = 2147483647;
			files = (
				83F8A13E2C119CF2004D01A7 /* Preview Assets.xcassets in Resources */,
				83F8A13A2C119CF2004D01A7 /* Assets.xcassets in Resources */,
			);
			runOnlyForDeploymentPostprocessing = 0;
		};
		83F8A1412C119CF2004D01A7 /* Resources */ = {
			isa = PBXResourcesBuildPhase;
			buildActionMask = 2147483647;
			files = (
			);
			runOnlyForDeploymentPostprocessing = 0;
		};
		83F8A14B2C119CF2004D01A7 /* Resources */ = {
			isa = PBXResourcesBuildPhase;
			buildActionMask = 2147483647;
			files = (
			);
			runOnlyForDeploymentPostprocessing = 0;
		};
/* End PBXResourcesBuildPhase section */

/* Begin PBXSourcesBuildPhase section */
		83F8A12C2C119CF1004D01A7 /* Sources */ = {
			isa = PBXSourcesBuildPhase;
			buildActionMask = 2147483647;
			files = (
				83F8A1362C119CF1004D01A7 /* ContentView.swift in Sources */,
				83F8A1382C119CF1004D01A7 /* Item.swift in Sources */,
				83F8A1342C119CF1004D01A7 /* MealMonkeyApp.swift in Sources */,
			);
			runOnlyForDeploymentPostprocessing = 0;
		};
		83F8A13F2C119CF2004D01A7 /* Sources */ = {
			isa = PBXSourcesBuildPhase;
			buildActionMask = 2147483647;
			files = (
				83F8A1482C119CF2004D01A7 /* MealMonkeyTests.swift in Sources */,
			);
			runOnlyForDeploymentPostprocessing = 0;
		};
		83F8A1492C119CF2004D01A7 /* Sources */ = {
			isa = PBXSourcesBuildPhase;
			buildActionMask = 2147483647;
			files = (
				83F8A1542C119CF2004D01A7 /* MealMonkeyUITestsLaunchTests.swift in Sources */,
				83F8A1522C119CF2004D01A7 /* MealMonkeyUITests.swift in Sources */,
			);
			runOnlyForDeploymentPostprocessing = 0;
		};
/* End PBXSourcesBuildPhase section */

/* Begin PBXTargetDependency section */
		83F8A1452C119CF2004D01A7 /* PBXTargetDependency */ = {
			isa = PBXTargetDependency;
			target = 83F8A12F2C119CF1004D01A7 /* MealMonkey */;
			targetProxy = 83F8A1442C119CF2004D01A7 /* PBXContainerItemProxy */;
		};
		83F8A14F2C119CF2004D01A7 /* PBXTargetDependency */ = {
			isa = PBXTargetDependency;
			target = 83F8A12F2C119CF1004D01A7 /* MealMonkey */;
			targetProxy = 83F8A14E2C119CF2004D01A7 /* PBXContainerItemProxy */;
		};
/* End PBXTargetDependency section */

/* Begin XCBuildConfiguration section */
		83F8A1552C119CF2004D01A7 /* Debug */ = {
			isa = XCBuildConfiguration;
			buildSettings = {
				ALWAYS_SEARCH_USER_PATHS = NO;
				ASSETCATALOG_COMPILER_GENERATE_SWIFT_ASSET_SYMBOL_EXTENSIONS = YES;
				CLANG_ANALYZER_NONNULL = YES;
				CLANG_ANALYZER_NUMBER_OBJECT_CONVERSION = YES_AGGRESSIVE;
				CLANG_CXX_LANGUAGE_STANDARD = "gnu++20";
				CLANG_ENABLE_MODULES = YES;
				CLANG_ENABLE_OBJC_ARC = YES;
				CLANG_ENABLE_OBJC_WEAK = YES;
				CLANG_WARN_BLOCK_CAPTURE_AUTORELEASING = YES;
				CLANG_WARN_BOOL_CONVERSION = YES;
				CLANG_WARN_COMMA = YES;
				CLANG_WARN_CONSTANT_CONVERSION = YES;
				CLANG_WARN_DEPRECATED_OBJC_IMPLEMENTATIONS = YES;
				CLANG_WARN_DIRECT_OBJC_ISA_USAGE = YES_ERROR;
				CLANG_WARN_DOCUMENTATION_COMMENTS = YES;
				CLANG_WARN_EMPTY_BODY = YES;
				CLANG_WARN_ENUM_CONVERSION = YES;
				CLANG_WARN_INFINITE_RECURSION = YES;
				CLANG_WARN_INT_CONVERSION = YES;
				CLANG_WARN_NON_LITERAL_NULL_CONVERSION = YES;
				CLANG_WARN_OBJC_IMPLICIT_RETAIN_SELF = YES;
				CLANG_WARN_OBJC_LITERAL_CONVERSION = YES;
				CLANG_WARN_OBJC_ROOT_CLASS = YES_ERROR;
				CLANG_WARN_QUOTED_INCLUDE_IN_FRAMEWORK_HEADER = YES;
				CLANG_WARN_RANGE_LOOP_ANALYSIS = YES;
				CLANG_WARN_STRICT_PROTOTYPES = YES;
				CLANG_WARN_SUSPICIOUS_MOVE = YES;
				CLANG_WARN_UNGUARDED_AVAILABILITY = YES_AGGRESSIVE;
				CLANG_WARN_UNREACHABLE_CODE = YES;
				CLANG_WARN__DUPLICATE_METHOD_MATCH = YES;
				COPY_PHASE_STRIP = NO;
				DEBUG_INFORMATION_FORMAT = dwarf;
				ENABLE_STRICT_OBJC_MSGSEND = YES;
				ENABLE_TESTABILITY = YES;
				ENABLE_USER_SCRIPT_SANDBOXING = YES;
				GCC_C_LANGUAGE_STANDARD = gnu17;
				GCC_DYNAMIC_NO_PIC = NO;
				GCC_NO_COMMON_BLOCKS = YES;
				GCC_OPTIMIZATION_LEVEL = 0;
				GCC_PREPROCESSOR_DEFINITIONS = (
					"DEBUG=1",
					"$(inherited)",
				);
				GCC_WARN_64_TO_32_BIT_CONVERSION = YES;
				GCC_WARN_ABOUT_RETURN_TYPE = YES_ERROR;
				GCC_WARN_UNDECLARED_SELECTOR = YES;
				GCC_WARN_UNINITIALIZED_AUTOS = YES_AGGRESSIVE;
				GCC_WARN_UNUSED_FUNCTION = YES;
				GCC_WARN_UNUSED_VARIABLE = YES;
				LOCALIZATION_PREFERS_STRING_CATALOGS = YES;
				MTL_ENABLE_DEBUG_INFO = INCLUDE_SOURCE;
				MTL_FAST_MATH = YES;
				ONLY_ACTIVE_ARCH = YES;
				SWIFT_ACTIVE_COMPILATION_CONDITIONS = "DEBUG $(inherited)";
				SWIFT_OPTIMIZATION_LEVEL = "-Onone";
			};
			name = Debug;
		};
		83F8A1562C119CF2004D01A7 /* Release */ = {
			isa = XCBuildConfiguration;
			buildSettings = {
				ALWAYS_SEARCH_USER_PATHS = NO;
				ASSETCATALOG_COMPILER_GENERATE_SWIFT_ASSET_SYMBOL_EXTENSIONS = YES;
				CLANG_ANALYZER_NONNULL = YES;
				CLANG_ANALYZER_NUMBER_OBJECT_CONVERSION = YES_AGGRESSIVE;
				CLANG_CXX_LANGUAGE_STANDARD = "gnu++20";
				CLANG_ENABLE_MODULES = YES;
				CLANG_ENABLE_OBJC_ARC = YES;
				CLANG_ENABLE_OBJC_WEAK = YES;
				CLANG_WARN_BLOCK_CAPTURE_AUTORELEASING = YES;
				CLANG_WARN_BOOL_CONVERSION = YES;
				CLANG_WARN_COMMA = YES;
				CLANG_WARN_CONSTANT_CONVERSION = YES;
				CLANG_WARN_DEPRECATED_OBJC_IMPLEMENTATIONS = YES;
				CLANG_WARN_DIRECT_OBJC_ISA_USAGE = YES_ERROR;
				CLANG_WARN_DOCUMENTATION_COMMENTS = YES;
				CLANG_WARN_EMPTY_BODY = YES;
				CLANG_WARN_ENUM_CONVERSION = YES;
				CLANG_WARN_INFINITE_RECURSION = YES;
				CLANG_WARN_INT_CONVERSION = YES;
				CLANG_WARN_NON_LITERAL_NULL_CONVERSION = YES;
				CLANG_WARN_OBJC_IMPLICIT_RETAIN_SELF = YES;
				CLANG_WARN_OBJC_LITERAL_CONVERSION = YES;
				CLANG_WARN_OBJC_ROOT_CLASS = YES_ERROR;
				CLANG_WARN_QUOTED_INCLUDE_IN_FRAMEWORK_HEADER = YES;
				CLANG_WARN_RANGE_LOOP_ANALYSIS = YES;
				CLANG_WARN_STRICT_PROTOTYPES = YES;
				CLANG_WARN_SUSPICIOUS_MOVE = YES;
				CLANG_WARN_UNGUARDED_AVAILABILITY = YES_AGGRESSIVE;
				CLANG_WARN_UNREACHABLE_CODE = YES;
				CLANG_WARN__DUPLICATE_METHOD_MATCH = YES;
				COPY_PHASE_STRIP = NO;
				DEBUG_INFORMATION_FORMAT = "dwarf-with-dsym";
				ENABLE_NS_ASSERTIONS = NO;
				ENABLE_STRICT_OBJC_MSGSEND = YES;
				ENABLE_USER_SCRIPT_SANDBOXING = YES;
				GCC_C_LANGUAGE_STANDARD = gnu17;
				GCC_NO_COMMON_BLOCKS = YES;
				GCC_WARN_64_TO_32_BIT_CONVERSION = YES;
				GCC_WARN_ABOUT_RETURN_TYPE = YES_ERROR;
				GCC_WARN_UNDECLARED_SELECTOR = YES;
				GCC_WARN_UNINITIALIZED_AUTOS = YES_AGGRESSIVE;
				GCC_WARN_UNUSED_FUNCTION = YES;
				GCC_WARN_UNUSED_VARIABLE = YES;
				LOCALIZATION_PREFERS_STRING_CATALOGS = YES;
				MTL_ENABLE_DEBUG_INFO = NO;
				MTL_FAST_MATH = YES;
				SWIFT_COMPILATION_MODE = wholemodule;
			};
			name = Release;
		};
		83F8A1582C119CF2004D01A7 /* Debug */ = {
			isa = XCBuildConfiguration;
			buildSettings = {
				ASSETCATALOG_COMPILER_APPICON_NAME = AppIcon;
				ASSETCATALOG_COMPILER_GLOBAL_ACCENT_COLOR_NAME = AccentColor;
				CODE_SIGN_ENTITLEMENTS = MealMonkey/MealMonkey.entitlements;
				CODE_SIGN_STYLE = Automatic;
				CURRENT_PROJECT_VERSION = 1;
				DEVELOPMENT_ASSET_PATHS = "\"MealMonkey/Preview Content\"";
				ENABLE_PREVIEWS = YES;
				GENERATE_INFOPLIST_FILE = YES;
				"INFOPLIST_KEY_UIApplicationSceneManifest_Generation[sdk=iphoneos*]" = YES;
				"INFOPLIST_KEY_UIApplicationSceneManifest_Generation[sdk=iphonesimulator*]" = YES;
				"INFOPLIST_KEY_UIApplicationSupportsIndirectInputEvents[sdk=iphoneos*]" = YES;
				"INFOPLIST_KEY_UIApplicationSupportsIndirectInputEvents[sdk=iphonesimulator*]" = YES;
				"INFOPLIST_KEY_UILaunchScreen_Generation[sdk=iphoneos*]" = YES;
				"INFOPLIST_KEY_UILaunchScreen_Generation[sdk=iphonesimulator*]" = YES;
				"INFOPLIST_KEY_UIStatusBarStyle[sdk=iphoneos*]" = UIStatusBarStyleDefault;
				"INFOPLIST_KEY_UIStatusBarStyle[sdk=iphonesimulator*]" = UIStatusBarStyleDefault;
				INFOPLIST_KEY_UISupportedInterfaceOrientations_iPad = "UIInterfaceOrientationPortrait UIInterfaceOrientationPortraitUpsideDown UIInterfaceOrientationLandscapeLeft UIInterfaceOrientationLandscapeRight";
				INFOPLIST_KEY_UISupportedInterfaceOrientations_iPhone = "UIInterfaceOrientationPortrait UIInterfaceOrientationLandscapeLeft UIInterfaceOrientationLandscapeRight";
				IPHONEOS_DEPLOYMENT_TARGET = 17.5;
				LD_RUNPATH_SEARCH_PATHS = "@executable_path/Frameworks";
				"LD_RUNPATH_SEARCH_PATHS[sdk=macosx*]" = "@executable_path/../Frameworks";
				MACOSX_DEPLOYMENT_TARGET = 14.0;
				MARKETING_VERSION = 1.0;
				PRODUCT_BUNDLE_IDENTIFIER = com.somimalik.MealMonkey;
				PRODUCT_NAME = "$(TARGET_NAME)";
				SDKROOT = auto;
				SUPPORTED_PLATFORMS = "iphoneos iphonesimulator macosx";
				SWIFT_EMIT_LOC_STRINGS = YES;
				SWIFT_VERSION = 5.0;
				TARGETED_DEVICE_FAMILY = "1,2";
			};
			name = Debug;
		};
		83F8A1592C119CF2004D01A7 /* Release */ = {
			isa = XCBuildConfiguration;
			buildSettings = {
				ASSETCATALOG_COMPILER_APPICON_NAME = AppIcon;
				ASSETCATALOG_COMPILER_GLOBAL_ACCENT_COLOR_NAME = AccentColor;
				CODE_SIGN_ENTITLEMENTS = MealMonkey/MealMonkey.entitlements;
				CODE_SIGN_STYLE = Automatic;
				CURRENT_PROJECT_VERSION = 1;
				DEVELOPMENT_ASSET_PATHS = "\"MealMonkey/Preview Content\"";
				ENABLE_PREVIEWS = YES;
				GENERATE_INFOPLIST_FILE = YES;
				"INFOPLIST_KEY_UIApplicationSceneManifest_Generation[sdk=iphoneos*]" = YES;
				"INFOPLIST_KEY_UIApplicationSceneManifest_Generation[sdk=iphonesimulator*]" = YES;
				"INFOPLIST_KEY_UIApplicationSupportsIndirectInputEvents[sdk=iphoneos*]" = YES;
				"INFOPLIST_KEY_UIApplicationSupportsIndirectInputEvents[sdk=iphonesimulator*]" = YES;
				"INFOPLIST_KEY_UILaunchScreen_Generation[sdk=iphoneos*]" = YES;
				"INFOPLIST_KEY_UILaunchScreen_Generation[sdk=iphonesimulator*]" = YES;
				"INFOPLIST_KEY_UIStatusBarStyle[sdk=iphoneos*]" = UIStatusBarStyleDefault;
				"INFOPLIST_KEY_UIStatusBarStyle[sdk=iphonesimulator*]" = UIStatusBarStyleDefault;
				INFOPLIST_KEY_UISupportedInterfaceOrientations_iPad = "UIInterfaceOrientationPortrait UIInterfaceOrientationPortraitUpsideDown UIInterfaceOrientationLandscapeLeft UIInterfaceOrientationLandscapeRight";
				INFOPLIST_KEY_UISupportedInterfaceOrientations_iPhone = "UIInterfaceOrientationPortrait UIInterfaceOrientationLandscapeLeft UIInterfaceOrientationLandscapeRight";
				IPHONEOS_DEPLOYMENT_TARGET = 17.5;
				LD_RUNPATH_SEARCH_PATHS = "@executable_path/Frameworks";
				"LD_RUNPATH_SEARCH_PATHS[sdk=macosx*]" = "@executable_path/../Frameworks";
				MACOSX_DEPLOYMENT_TARGET = 14.0;
				MARKETING_VERSION = 1.0;
				PRODUCT_BUNDLE_IDENTIFIER = com.somimalik.MealMonkey;
				PRODUCT_NAME = "$(TARGET_NAME)";
				SDKROOT = auto;
				SUPPORTED_PLATFORMS = "iphoneos iphonesimulator macosx";
				SWIFT_EMIT_LOC_STRINGS = YES;
				SWIFT_VERSION = 5.0;
				TARGETED_DEVICE_FAMILY = "1,2";
			};
			name = Release;
		};
		83F8A15B2C119CF2004D01A7 /* Debug */ = {
			isa = XCBuildConfiguration;
			buildSettings = {
				ALWAYS_EMBED_SWIFT_STANDARD_LIBRARIES = YES;
				BUNDLE_LOADER = "$(TEST_HOST)";
				CODE_SIGN_STYLE = Automatic;
				CURRENT_PROJECT_VERSION = 1;
				GENERATE_INFOPLIST_FILE = YES;
				IPHONEOS_DEPLOYMENT_TARGET = 17.5;
				MACOSX_DEPLOYMENT_TARGET = 14.4;
				MARKETING_VERSION = 1.0;
				PRODUCT_BUNDLE_IDENTIFIER = com.somimalik.MealMonkeyTests;
				PRODUCT_NAME = "$(TARGET_NAME)";
				SDKROOT = auto;
				SUPPORTED_PLATFORMS = "iphoneos iphonesimulator macosx";
				SWIFT_EMIT_LOC_STRINGS = NO;
				SWIFT_VERSION = 5.0;
				TARGETED_DEVICE_FAMILY = "1,2";
				TEST_HOST = "$(BUILT_PRODUCTS_DIR)/MealMonkey.app/$(BUNDLE_EXECUTABLE_FOLDER_PATH)/MealMonkey";
			};
			name = Debug;
		};
		83F8A15C2C119CF2004D01A7 /* Release */ = {
			isa = XCBuildConfiguration;
			buildSettings = {
				ALWAYS_EMBED_SWIFT_STANDARD_LIBRARIES = YES;
				BUNDLE_LOADER = "$(TEST_HOST)";
				CODE_SIGN_STYLE = Automatic;
				CURRENT_PROJECT_VERSION = 1;
				GENERATE_INFOPLIST_FILE = YES;
				IPHONEOS_DEPLOYMENT_TARGET = 17.5;
				MACOSX_DEPLOYMENT_TARGET = 14.4;
				MARKETING_VERSION = 1.0;
				PRODUCT_BUNDLE_IDENTIFIER = com.somimalik.MealMonkeyTests;
				PRODUCT_NAME = "$(TARGET_NAME)";
				SDKROOT = auto;
				SUPPORTED_PLATFORMS = "iphoneos iphonesimulator macosx";
				SWIFT_EMIT_LOC_STRINGS = NO;
				SWIFT_VERSION = 5.0;
				TARGETED_DEVICE_FAMILY = "1,2";
				TEST_HOST = "$(BUILT_PRODUCTS_DIR)/MealMonkey.app/$(BUNDLE_EXECUTABLE_FOLDER_PATH)/MealMonkey";
			};
			name = Release;
		};
		83F8A15E2C119CF2004D01A7 /* Debug */ = {
			isa = XCBuildConfiguration;
			buildSettings = {
				ALWAYS_EMBED_SWIFT_STANDARD_LIBRARIES = YES;
				CODE_SIGN_STYLE = Automatic;
				CURRENT_PROJECT_VERSION = 1;
				GENERATE_INFOPLIST_FILE = YES;
				IPHONEOS_DEPLOYMENT_TARGET = 17.5;
				MACOSX_DEPLOYMENT_TARGET = 14.4;
				MARKETING_VERSION = 1.0;
				PRODUCT_BUNDLE_IDENTIFIER = com.somimalik.MealMonkeyUITests;
				PRODUCT_NAME = "$(TARGET_NAME)";
				SDKROOT = auto;
				SUPPORTED_PLATFORMS = "iphoneos iphonesimulator macosx";
				SWIFT_EMIT_LOC_STRINGS = NO;
				SWIFT_VERSION = 5.0;
				TARGETED_DEVICE_FAMILY = "1,2";
				TEST_TARGET_NAME = MealMonkey;
			};
			name = Debug;
		};
		83F8A15F2C119CF2004D01A7 /* Release */ = {
			isa = XCBuildConfiguration;
			buildSettings = {
				ALWAYS_EMBED_SWIFT_STANDARD_LIBRARIES = YES;
				CODE_SIGN_STYLE = Automatic;
				CURRENT_PROJECT_VERSION = 1;
				GENERATE_INFOPLIST_FILE = YES;
				IPHONEOS_DEPLOYMENT_TARGET = 17.5;
				MACOSX_DEPLOYMENT_TARGET = 14.4;
				MARKETING_VERSION = 1.0;
				PRODUCT_BUNDLE_IDENTIFIER = com.somimalik.MealMonkeyUITests;
				PRODUCT_NAME = "$(TARGET_NAME)";
				SDKROOT = auto;
				SUPPORTED_PLATFORMS = "iphoneos iphonesimulator macosx";
				SWIFT_EMIT_LOC_STRINGS = NO;
				SWIFT_VERSION = 5.0;
				TARGETED_DEVICE_FAMILY = "1,2";
				TEST_TARGET_NAME = MealMonkey;
			};
			name = Release;
		};
/* End XCBuildConfiguration section */

/* Begin XCConfigurationList section */
		83F8A12B2C119CF1004D01A7 /* Build configuration list for PBXProject "MealMonkey" */ = {
			isa = XCConfigurationList;
			buildConfigurations = (
				83F8A1552C119CF2004D01A7 /* Debug */,
				83F8A1562C119CF2004D01A7 /* Release */,
			);
			defaultConfigurationIsVisible = 0;
			defaultConfigurationName = Release;
		};
		83F8A1572C119CF2004D01A7 /* Build configuration list for PBXNativeTarget "MealMonkey" */ = {
			isa = XCConfigurationList;
			buildConfigurations = (
				83F8A1582C119CF2004D01A7 /* Debug */,
				83F8A1592C119CF2004D01A7 /* Release */,
			);
			defaultConfigurationIsVisible = 0;
			defaultConfigurationName = Release;
		};
		83F8A15A2C119CF2004D01A7 /* Build configuration list for PBXNativeTarget "MealMonkeyTests" */ = {
			isa = XCConfigurationList;
			buildConfigurations = (
				83F8A15B2C119CF2004D01A7 /* Debug */,
				83F8A15C2C119CF2004D01A7 /* Release */,
			);
			defaultConfigurationIsVisible = 0;
			defaultConfigurationName = Release;
		};
		83F8A15D2C119CF2004D01A7 /* Build configuration list for PBXNativeTarget "MealMonkeyUITests" */ = {
			isa = XCConfigurationList;
			buildConfigurations = (
				83F8A15E2C119CF2004D01A7 /* Debug */,
				83F8A15F2C119CF2004D01A7 /* Release */,
			);
			defaultConfigurationIsVisible = 0;
			defaultConfigurationName = Release;
		};
/* End XCConfigurationList section */
	};
	rootObject = 83F8A1282C119CF1004D01A7 /* Project object */;
}
